
Microsoft Visual Studio Solution File, Format Version 12.00
# Visual Studio Version 17
VisualStudioVersion = 17.1.32228.430
MinimumVisualStudioVersion = 10.0.40219.1
Project("{8BC9CEB8-8B4A-11D0-8D11-00A0C91BC942}") = "PresentMonService", "PresentMonService\PresentMonService.vcxproj", "{3A848E5B-A376-4A22-BBAC-E9B3C01BD385}"
	ProjectSection(ProjectDependencies) = postProject
		{892028E5-32F6-45FC-8AB2-90FCBCAC4BF6} = {892028E5-32F6-45FC-8AB2-90FCBCAC4BF6}
	EndProjectSection
EndProject
Project("{8BC9CEB8-8B4A-11D0-8D11-00A0C91BC942}") = "Streamer", "Streamer\Streamer.vcxproj", "{BF43064B-01F0-4C69-91FB-C2122BAF621D}"
EndProject
Project("{8BC9CEB8-8B4A-11D0-8D11-00A0C91BC942}") = "PresentMonAPI", "PresentMonAPI\PresentMonAPI.vcxproj", "{811ADCF0-DA1D-4A94-97C7-7AA6C33B5368}"
EndProject
Project("{8BC9CEB8-8B4A-11D0-8D11-00A0C91BC942}") = "PresentMonUtils", "PresentMonUtils\PresentMonUtils.vcxproj", "{66E9F6C5-28DB-4218-81B9-31E0E146ECC0}"
EndProject
Project("{8BC9CEB8-8B4A-11D0-8D11-00A0C91BC942}") = "SampleClient", "SampleClient\SampleClient.vcxproj", "{79FE382A-C29C-4C32-A028-B8D1ABDF51B0}"
	ProjectSection(ProjectDependencies) = postProject
		{66E9F6C5-28DB-4218-81B9-31E0E146ECC0} = {66E9F6C5-28DB-4218-81B9-31E0E146ECC0}
		{811ADCF0-DA1D-4A94-97C7-7AA6C33B5368} = {811ADCF0-DA1D-4A94-97C7-7AA6C33B5368}
	EndProjectSection
EndProject
Project("{8BC9CEB8-8B4A-11D0-8D11-00A0C91BC942}") = "SampleStreamerClient", "SampleStreamerClient\SampleStreamerClient.vcxproj", "{57ABAF22-837A-4DA3-9C92-1BA37CCFA550}"
	ProjectSection(ProjectDependencies) = postProject
		{811ADCF0-DA1D-4A94-97C7-7AA6C33B5368} = {811ADCF0-DA1D-4A94-97C7-7AA6C33B5368}
	EndProjectSection
EndProject
Project("{8BC9CEB8-8B4A-11D0-8D11-00A0C91BC942}") = "ControlLib", "ControlLib\ControlLib.vcxproj", "{3C39C9BC-0E85-42C0-894C-3561BB93E87F}"
EndProject
Project("{8BC9CEB8-8B4A-11D0-8D11-00A0C91BC942}") = "AppCef", "AppCef\CefNano.vcxproj", "{3C80B001-E165-4E0E-A92D-5767CF4FB1F8}"
EndProject
Project("{2150E333-8FDC-42A3-9474-1A3956D46DE8}") = "p2c", "p2c", "{A19A12B6-A123-4749-982F-ED086C2DA7EF}"
EndProject
Project("{8BC9CEB8-8B4A-11D0-8D11-00A0C91BC942}") = "Core", "Core\Core.vcxproj", "{808F5EA9-EA09-4D72-87B4-5397D43CBA54}"
EndProject
Project("{8BC9CEB8-8B4A-11D0-8D11-00A0C91BC942}") = "UnitTests", "UnitTests\UnitTests.vcxproj", "{7A1C7F0B-ECB3-4C98-B74E-E5BBA63BA4A7}"
EndProject
Project("{8BC9CEB8-8B4A-11D0-8D11-00A0C91BC942}") = "Shaders", "Shaders\Shaders.vcxitems", "{51979337-0180-48BD-BAD9-8AEF57FEF96D}"
EndProject
Project("{930C7802-8A8C-48F9-8165-68863BCCD9DD}") = "PMInstaller", "PMInstaller\PMInstaller.wixproj", "{BB48BBC7-E308-4DA5-AB22-16D7A8D1EB3E}"
EndProject
Project("{8BC9CEB8-8B4A-11D0-8D11-00A0C91BC942}") = "PresentMonClient", "PresentMonClient\PresentMonClient.vcxproj", "{564B17E0-987F-4B08-B867-654AF9CFC022}"
EndProject
Project("{FAE04EC0-301F-11D3-BF4B-00C04F79EFBC}") = "PMInstallerExtension", "PMInstallerExtension\PMInstallerExtension.csproj", "{9E3C74BB-12BB-40AC-86BF-818D20140CBA}"
EndProject
Project("{2150E333-8FDC-42A3-9474-1A3956D46DE8}") = "Solution Items", "Solution Items", "{BC49A763-3057-4F1E-9333-9BD8B02DD4A2}"
	ProjectSection(SolutionItems) = preProject
		vcpkg.json = vcpkg.json
	EndProjectSection
EndProject
Project("{8BC9CEB8-8B4A-11D0-8D11-00A0C91BC942}") = "ULT", "ULT\ULT.vcxproj", "{F7D9E1CD-298D-465A-82D2-8778C860BC46}"
EndProject
Project("{2150E333-8FDC-42A3-9474-1A3956D46DE8}") = "cli", "cli", "{B8C8E8B2-090E-478D-B540-97DA1915CC41}"
EndProject
Project("{8BC9CEB8-8B4A-11D0-8D11-00A0C91BC942}") = "CliCore", "CliCore\CliCore.vcxproj", "{31551C65-38EA-4E21-8C0D-4BC4A097993C}"
EndProject
Project("{8BC9CEB8-8B4A-11D0-8D11-00A0C91BC942}") = "PresentMonCli", "PresentMonCli\PresentMonCli.vcxproj", "{4197C787-370F-4886-A357-F8A5E1357A9C}"
EndProject
Project("{8BC9CEB8-8B4A-11D0-8D11-00A0C91BC942}") = "PresentData", "..\PresentData\PresentData.vcxproj", "{892028E5-32F6-45FC-8AB2-90FCBCAC4BF6}"
EndProject
Global
	GlobalSection(SolutionConfigurationPlatforms) = preSolution
		Debug|Any CPU = Debug|Any CPU
		Debug|ARM = Debug|ARM
		Debug|ARM64 = Debug|ARM64
		Debug|x64 = Debug|x64
		Debug|x86 = Debug|x86
		MinSizeRel|Any CPU = MinSizeRel|Any CPU
		MinSizeRel|ARM = MinSizeRel|ARM
		MinSizeRel|ARM64 = MinSizeRel|ARM64
		MinSizeRel|x64 = MinSizeRel|x64
		MinSizeRel|x86 = MinSizeRel|x86
		Release|Any CPU = Release|Any CPU
		Release|ARM = Release|ARM
		Release|ARM64 = Release|ARM64
		Release|x64 = Release|x64
		Release|x86 = Release|x86
		Release-EDSS|Any CPU = Release-EDSS|Any CPU
		Release-EDSS|ARM = Release-EDSS|ARM
		Release-EDSS|ARM64 = Release-EDSS|ARM64
		Release-EDSS|x64 = Release-EDSS|x64
		Release-EDSS|x86 = Release-EDSS|x86
	EndGlobalSection
	GlobalSection(ProjectConfigurationPlatforms) = postSolution
		{3A848E5B-A376-4A22-BBAC-E9B3C01BD385}.Debug|Any CPU.ActiveCfg = Debug|x64
		{3A848E5B-A376-4A22-BBAC-E9B3C01BD385}.Debug|Any CPU.Build.0 = Debug|x64
		{3A848E5B-A376-4A22-BBAC-E9B3C01BD385}.Debug|ARM.ActiveCfg = Debug|x64
		{3A848E5B-A376-4A22-BBAC-E9B3C01BD385}.Debug|ARM.Build.0 = Debug|x64
		{3A848E5B-A376-4A22-BBAC-E9B3C01BD385}.Debug|ARM64.ActiveCfg = Debug|x64
		{3A848E5B-A376-4A22-BBAC-E9B3C01BD385}.Debug|ARM64.Build.0 = Debug|x64
		{3A848E5B-A376-4A22-BBAC-E9B3C01BD385}.Debug|x64.ActiveCfg = Debug|x64
		{3A848E5B-A376-4A22-BBAC-E9B3C01BD385}.Debug|x64.Build.0 = Debug|x64
		{3A848E5B-A376-4A22-BBAC-E9B3C01BD385}.Debug|x86.ActiveCfg = Debug|Win32
		{3A848E5B-A376-4A22-BBAC-E9B3C01BD385}.Debug|x86.Build.0 = Debug|Win32
		{3A848E5B-A376-4A22-BBAC-E9B3C01BD385}.MinSizeRel|Any CPU.ActiveCfg = Release|x64
		{3A848E5B-A376-4A22-BBAC-E9B3C01BD385}.MinSizeRel|Any CPU.Build.0 = Release|x64
		{3A848E5B-A376-4A22-BBAC-E9B3C01BD385}.MinSizeRel|ARM.ActiveCfg = Release|Win32
		{3A848E5B-A376-4A22-BBAC-E9B3C01BD385}.MinSizeRel|ARM.Build.0 = Release|Win32
		{3A848E5B-A376-4A22-BBAC-E9B3C01BD385}.MinSizeRel|ARM64.ActiveCfg = Release|Win32
		{3A848E5B-A376-4A22-BBAC-E9B3C01BD385}.MinSizeRel|ARM64.Build.0 = Release|Win32
		{3A848E5B-A376-4A22-BBAC-E9B3C01BD385}.MinSizeRel|x64.ActiveCfg = Release|x64
		{3A848E5B-A376-4A22-BBAC-E9B3C01BD385}.MinSizeRel|x64.Build.0 = Release|x64
		{3A848E5B-A376-4A22-BBAC-E9B3C01BD385}.MinSizeRel|x86.ActiveCfg = Release|Win32
		{3A848E5B-A376-4A22-BBAC-E9B3C01BD385}.MinSizeRel|x86.Build.0 = Release|Win32
		{3A848E5B-A376-4A22-BBAC-E9B3C01BD385}.Release|Any CPU.ActiveCfg = Release|x64
		{3A848E5B-A376-4A22-BBAC-E9B3C01BD385}.Release|Any CPU.Build.0 = Release|x64
		{3A848E5B-A376-4A22-BBAC-E9B3C01BD385}.Release|ARM.ActiveCfg = Release|x64
		{3A848E5B-A376-4A22-BBAC-E9B3C01BD385}.Release|ARM.Build.0 = Release|x64
		{3A848E5B-A376-4A22-BBAC-E9B3C01BD385}.Release|ARM64.ActiveCfg = Release|x64
		{3A848E5B-A376-4A22-BBAC-E9B3C01BD385}.Release|ARM64.Build.0 = Release|x64
		{3A848E5B-A376-4A22-BBAC-E9B3C01BD385}.Release|x64.ActiveCfg = Release|x64
		{3A848E5B-A376-4A22-BBAC-E9B3C01BD385}.Release|x64.Build.0 = Release|x64
		{3A848E5B-A376-4A22-BBAC-E9B3C01BD385}.Release|x86.ActiveCfg = Release|Win32
		{3A848E5B-A376-4A22-BBAC-E9B3C01BD385}.Release|x86.Build.0 = Release|Win32
		{3A848E5B-A376-4A22-BBAC-E9B3C01BD385}.Release-EDSS|Any CPU.ActiveCfg = Release|x64
		{3A848E5B-A376-4A22-BBAC-E9B3C01BD385}.Release-EDSS|Any CPU.Build.0 = Release|x64
		{3A848E5B-A376-4A22-BBAC-E9B3C01BD385}.Release-EDSS|ARM.ActiveCfg = Release|x64
		{3A848E5B-A376-4A22-BBAC-E9B3C01BD385}.Release-EDSS|ARM.Build.0 = Release|x64
		{3A848E5B-A376-4A22-BBAC-E9B3C01BD385}.Release-EDSS|ARM64.ActiveCfg = Release|x64
		{3A848E5B-A376-4A22-BBAC-E9B3C01BD385}.Release-EDSS|ARM64.Build.0 = Release|x64
		{3A848E5B-A376-4A22-BBAC-E9B3C01BD385}.Release-EDSS|x64.ActiveCfg = Release|x64
		{3A848E5B-A376-4A22-BBAC-E9B3C01BD385}.Release-EDSS|x86.ActiveCfg = Release|Win32
		{3A848E5B-A376-4A22-BBAC-E9B3C01BD385}.Release-EDSS|x86.Build.0 = Release|Win32
		{BF43064B-01F0-4C69-91FB-C2122BAF621D}.Debug|Any CPU.ActiveCfg = Debug|x64
		{BF43064B-01F0-4C69-91FB-C2122BAF621D}.Debug|Any CPU.Build.0 = Debug|x64
		{BF43064B-01F0-4C69-91FB-C2122BAF621D}.Debug|ARM.ActiveCfg = Debug|x64
		{BF43064B-01F0-4C69-91FB-C2122BAF621D}.Debug|ARM.Build.0 = Debug|x64
		{BF43064B-01F0-4C69-91FB-C2122BAF621D}.Debug|ARM64.ActiveCfg = Debug|x64
		{BF43064B-01F0-4C69-91FB-C2122BAF621D}.Debug|ARM64.Build.0 = Debug|x64
		{BF43064B-01F0-4C69-91FB-C2122BAF621D}.Debug|x64.ActiveCfg = Debug|x64
		{BF43064B-01F0-4C69-91FB-C2122BAF621D}.Debug|x64.Build.0 = Debug|x64
		{BF43064B-01F0-4C69-91FB-C2122BAF621D}.Debug|x86.ActiveCfg = Debug|Win32
		{BF43064B-01F0-4C69-91FB-C2122BAF621D}.Debug|x86.Build.0 = Debug|Win32
		{BF43064B-01F0-4C69-91FB-C2122BAF621D}.MinSizeRel|Any CPU.ActiveCfg = Release|x64
		{BF43064B-01F0-4C69-91FB-C2122BAF621D}.MinSizeRel|Any CPU.Build.0 = Release|x64
		{BF43064B-01F0-4C69-91FB-C2122BAF621D}.MinSizeRel|ARM.ActiveCfg = Release|Win32
		{BF43064B-01F0-4C69-91FB-C2122BAF621D}.MinSizeRel|ARM.Build.0 = Release|Win32
		{BF43064B-01F0-4C69-91FB-C2122BAF621D}.MinSizeRel|ARM64.ActiveCfg = Release|Win32
		{BF43064B-01F0-4C69-91FB-C2122BAF621D}.MinSizeRel|ARM64.Build.0 = Release|Win32
		{BF43064B-01F0-4C69-91FB-C2122BAF621D}.MinSizeRel|x64.ActiveCfg = Release|x64
		{BF43064B-01F0-4C69-91FB-C2122BAF621D}.MinSizeRel|x64.Build.0 = Release|x64
		{BF43064B-01F0-4C69-91FB-C2122BAF621D}.MinSizeRel|x86.ActiveCfg = Release|Win32
		{BF43064B-01F0-4C69-91FB-C2122BAF621D}.MinSizeRel|x86.Build.0 = Release|Win32
		{BF43064B-01F0-4C69-91FB-C2122BAF621D}.Release|Any CPU.ActiveCfg = Release|x64
		{BF43064B-01F0-4C69-91FB-C2122BAF621D}.Release|Any CPU.Build.0 = Release|x64
		{BF43064B-01F0-4C69-91FB-C2122BAF621D}.Release|ARM.ActiveCfg = Release|x64
		{BF43064B-01F0-4C69-91FB-C2122BAF621D}.Release|ARM.Build.0 = Release|x64
		{BF43064B-01F0-4C69-91FB-C2122BAF621D}.Release|ARM64.ActiveCfg = Release|x64
		{BF43064B-01F0-4C69-91FB-C2122BAF621D}.Release|ARM64.Build.0 = Release|x64
		{BF43064B-01F0-4C69-91FB-C2122BAF621D}.Release|x64.ActiveCfg = Release|x64
		{BF43064B-01F0-4C69-91FB-C2122BAF621D}.Release|x64.Build.0 = Release|x64
		{BF43064B-01F0-4C69-91FB-C2122BAF621D}.Release|x86.ActiveCfg = Release|Win32
		{BF43064B-01F0-4C69-91FB-C2122BAF621D}.Release|x86.Build.0 = Release|Win32
		{BF43064B-01F0-4C69-91FB-C2122BAF621D}.Release-EDSS|Any CPU.ActiveCfg = Release|x64
		{BF43064B-01F0-4C69-91FB-C2122BAF621D}.Release-EDSS|Any CPU.Build.0 = Release|x64
		{BF43064B-01F0-4C69-91FB-C2122BAF621D}.Release-EDSS|ARM.ActiveCfg = Release|x64
		{BF43064B-01F0-4C69-91FB-C2122BAF621D}.Release-EDSS|ARM.Build.0 = Release|x64
		{BF43064B-01F0-4C69-91FB-C2122BAF621D}.Release-EDSS|ARM64.ActiveCfg = Release|x64
		{BF43064B-01F0-4C69-91FB-C2122BAF621D}.Release-EDSS|ARM64.Build.0 = Release|x64
		{BF43064B-01F0-4C69-91FB-C2122BAF621D}.Release-EDSS|x64.ActiveCfg = Release|x64
		{BF43064B-01F0-4C69-91FB-C2122BAF621D}.Release-EDSS|x64.Build.0 = Release|x64
		{BF43064B-01F0-4C69-91FB-C2122BAF621D}.Release-EDSS|x86.ActiveCfg = Release|Win32
		{BF43064B-01F0-4C69-91FB-C2122BAF621D}.Release-EDSS|x86.Build.0 = Release|Win32
		{811ADCF0-DA1D-4A94-97C7-7AA6C33B5368}.Debug|Any CPU.ActiveCfg = Debug|x64
		{811ADCF0-DA1D-4A94-97C7-7AA6C33B5368}.Debug|Any CPU.Build.0 = Debug|x64
		{811ADCF0-DA1D-4A94-97C7-7AA6C33B5368}.Debug|ARM.ActiveCfg = Debug|x64
		{811ADCF0-DA1D-4A94-97C7-7AA6C33B5368}.Debug|ARM.Build.0 = Debug|x64
		{811ADCF0-DA1D-4A94-97C7-7AA6C33B5368}.Debug|ARM64.ActiveCfg = Debug|x64
		{811ADCF0-DA1D-4A94-97C7-7AA6C33B5368}.Debug|ARM64.Build.0 = Debug|x64
		{811ADCF0-DA1D-4A94-97C7-7AA6C33B5368}.Debug|x64.ActiveCfg = Debug|x64
		{811ADCF0-DA1D-4A94-97C7-7AA6C33B5368}.Debug|x64.Build.0 = Debug|x64
		{811ADCF0-DA1D-4A94-97C7-7AA6C33B5368}.Debug|x86.ActiveCfg = Debug|Win32
		{811ADCF0-DA1D-4A94-97C7-7AA6C33B5368}.Debug|x86.Build.0 = Debug|Win32
		{811ADCF0-DA1D-4A94-97C7-7AA6C33B5368}.MinSizeRel|Any CPU.ActiveCfg = Release|x64
		{811ADCF0-DA1D-4A94-97C7-7AA6C33B5368}.MinSizeRel|Any CPU.Build.0 = Release|x64
		{811ADCF0-DA1D-4A94-97C7-7AA6C33B5368}.MinSizeRel|ARM.ActiveCfg = Release|Win32
		{811ADCF0-DA1D-4A94-97C7-7AA6C33B5368}.MinSizeRel|ARM.Build.0 = Release|Win32
		{811ADCF0-DA1D-4A94-97C7-7AA6C33B5368}.MinSizeRel|ARM64.ActiveCfg = Release|Win32
		{811ADCF0-DA1D-4A94-97C7-7AA6C33B5368}.MinSizeRel|ARM64.Build.0 = Release|Win32
		{811ADCF0-DA1D-4A94-97C7-7AA6C33B5368}.MinSizeRel|x64.ActiveCfg = Release|x64
		{811ADCF0-DA1D-4A94-97C7-7AA6C33B5368}.MinSizeRel|x64.Build.0 = Release|x64
		{811ADCF0-DA1D-4A94-97C7-7AA6C33B5368}.MinSizeRel|x86.ActiveCfg = Release|Win32
		{811ADCF0-DA1D-4A94-97C7-7AA6C33B5368}.MinSizeRel|x86.Build.0 = Release|Win32
		{811ADCF0-DA1D-4A94-97C7-7AA6C33B5368}.Release|Any CPU.ActiveCfg = Release|x64
		{811ADCF0-DA1D-4A94-97C7-7AA6C33B5368}.Release|Any CPU.Build.0 = Release|x64
		{811ADCF0-DA1D-4A94-97C7-7AA6C33B5368}.Release|ARM.ActiveCfg = Release|x64
		{811ADCF0-DA1D-4A94-97C7-7AA6C33B5368}.Release|ARM.Build.0 = Release|x64
		{811ADCF0-DA1D-4A94-97C7-7AA6C33B5368}.Release|ARM64.ActiveCfg = Release|x64
		{811ADCF0-DA1D-4A94-97C7-7AA6C33B5368}.Release|ARM64.Build.0 = Release|x64
		{811ADCF0-DA1D-4A94-97C7-7AA6C33B5368}.Release|x64.ActiveCfg = Release|x64
		{811ADCF0-DA1D-4A94-97C7-7AA6C33B5368}.Release|x64.Build.0 = Release|x64
		{811ADCF0-DA1D-4A94-97C7-7AA6C33B5368}.Release|x86.ActiveCfg = Release|Win32
		{811ADCF0-DA1D-4A94-97C7-7AA6C33B5368}.Release|x86.Build.0 = Release|Win32
		{811ADCF0-DA1D-4A94-97C7-7AA6C33B5368}.Release-EDSS|Any CPU.ActiveCfg = Release|x64
		{811ADCF0-DA1D-4A94-97C7-7AA6C33B5368}.Release-EDSS|Any CPU.Build.0 = Release|x64
		{811ADCF0-DA1D-4A94-97C7-7AA6C33B5368}.Release-EDSS|ARM.ActiveCfg = Release|x64
		{811ADCF0-DA1D-4A94-97C7-7AA6C33B5368}.Release-EDSS|ARM.Build.0 = Release|x64
		{811ADCF0-DA1D-4A94-97C7-7AA6C33B5368}.Release-EDSS|ARM64.ActiveCfg = Release|x64
		{811ADCF0-DA1D-4A94-97C7-7AA6C33B5368}.Release-EDSS|ARM64.Build.0 = Release|x64
		{811ADCF0-DA1D-4A94-97C7-7AA6C33B5368}.Release-EDSS|x64.ActiveCfg = Release|x64
		{811ADCF0-DA1D-4A94-97C7-7AA6C33B5368}.Release-EDSS|x64.Build.0 = Release|x64
		{811ADCF0-DA1D-4A94-97C7-7AA6C33B5368}.Release-EDSS|x86.ActiveCfg = Release|Win32
		{811ADCF0-DA1D-4A94-97C7-7AA6C33B5368}.Release-EDSS|x86.Build.0 = Release|Win32
		{66E9F6C5-28DB-4218-81B9-31E0E146ECC0}.Debug|Any CPU.ActiveCfg = Debug|x64
		{66E9F6C5-28DB-4218-81B9-31E0E146ECC0}.Debug|Any CPU.Build.0 = Debug|x64
		{66E9F6C5-28DB-4218-81B9-31E0E146ECC0}.Debug|ARM.ActiveCfg = Debug|x64
		{66E9F6C5-28DB-4218-81B9-31E0E146ECC0}.Debug|ARM.Build.0 = Debug|x64
		{66E9F6C5-28DB-4218-81B9-31E0E146ECC0}.Debug|ARM64.ActiveCfg = Debug|x64
		{66E9F6C5-28DB-4218-81B9-31E0E146ECC0}.Debug|ARM64.Build.0 = Debug|x64
		{66E9F6C5-28DB-4218-81B9-31E0E146ECC0}.Debug|x64.ActiveCfg = Debug|x64
		{66E9F6C5-28DB-4218-81B9-31E0E146ECC0}.Debug|x64.Build.0 = Debug|x64
		{66E9F6C5-28DB-4218-81B9-31E0E146ECC0}.Debug|x86.ActiveCfg = Debug|Win32
		{66E9F6C5-28DB-4218-81B9-31E0E146ECC0}.Debug|x86.Build.0 = Debug|Win32
		{66E9F6C5-28DB-4218-81B9-31E0E146ECC0}.MinSizeRel|Any CPU.ActiveCfg = Release|x64
		{66E9F6C5-28DB-4218-81B9-31E0E146ECC0}.MinSizeRel|Any CPU.Build.0 = Release|x64
		{66E9F6C5-28DB-4218-81B9-31E0E146ECC0}.MinSizeRel|ARM.ActiveCfg = Release|Win32
		{66E9F6C5-28DB-4218-81B9-31E0E146ECC0}.MinSizeRel|ARM.Build.0 = Release|Win32
		{66E9F6C5-28DB-4218-81B9-31E0E146ECC0}.MinSizeRel|ARM64.ActiveCfg = Release|Win32
		{66E9F6C5-28DB-4218-81B9-31E0E146ECC0}.MinSizeRel|ARM64.Build.0 = Release|Win32
		{66E9F6C5-28DB-4218-81B9-31E0E146ECC0}.MinSizeRel|x64.ActiveCfg = Release|x64
		{66E9F6C5-28DB-4218-81B9-31E0E146ECC0}.MinSizeRel|x64.Build.0 = Release|x64
		{66E9F6C5-28DB-4218-81B9-31E0E146ECC0}.MinSizeRel|x86.ActiveCfg = Release|Win32
		{66E9F6C5-28DB-4218-81B9-31E0E146ECC0}.MinSizeRel|x86.Build.0 = Release|Win32
		{66E9F6C5-28DB-4218-81B9-31E0E146ECC0}.Release|Any CPU.ActiveCfg = Release|x64
		{66E9F6C5-28DB-4218-81B9-31E0E146ECC0}.Release|Any CPU.Build.0 = Release|x64
		{66E9F6C5-28DB-4218-81B9-31E0E146ECC0}.Release|ARM.ActiveCfg = Release|x64
		{66E9F6C5-28DB-4218-81B9-31E0E146ECC0}.Release|ARM.Build.0 = Release|x64
		{66E9F6C5-28DB-4218-81B9-31E0E146ECC0}.Release|ARM64.ActiveCfg = Release|x64
		{66E9F6C5-28DB-4218-81B9-31E0E146ECC0}.Release|ARM64.Build.0 = Release|x64
		{66E9F6C5-28DB-4218-81B9-31E0E146ECC0}.Release|x64.ActiveCfg = Release|x64
		{66E9F6C5-28DB-4218-81B9-31E0E146ECC0}.Release|x64.Build.0 = Release|x64
		{66E9F6C5-28DB-4218-81B9-31E0E146ECC0}.Release|x86.ActiveCfg = Release|Win32
		{66E9F6C5-28DB-4218-81B9-31E0E146ECC0}.Release|x86.Build.0 = Release|Win32
		{66E9F6C5-28DB-4218-81B9-31E0E146ECC0}.Release-EDSS|Any CPU.ActiveCfg = Release|x64
		{66E9F6C5-28DB-4218-81B9-31E0E146ECC0}.Release-EDSS|Any CPU.Build.0 = Release|x64
		{66E9F6C5-28DB-4218-81B9-31E0E146ECC0}.Release-EDSS|ARM.ActiveCfg = Release|x64
		{66E9F6C5-28DB-4218-81B9-31E0E146ECC0}.Release-EDSS|ARM.Build.0 = Release|x64
		{66E9F6C5-28DB-4218-81B9-31E0E146ECC0}.Release-EDSS|ARM64.ActiveCfg = Release|x64
		{66E9F6C5-28DB-4218-81B9-31E0E146ECC0}.Release-EDSS|ARM64.Build.0 = Release|x64
		{66E9F6C5-28DB-4218-81B9-31E0E146ECC0}.Release-EDSS|x64.ActiveCfg = Release|x64
		{66E9F6C5-28DB-4218-81B9-31E0E146ECC0}.Release-EDSS|x64.Build.0 = Release|x64
		{66E9F6C5-28DB-4218-81B9-31E0E146ECC0}.Release-EDSS|x86.ActiveCfg = Release|Win32
		{66E9F6C5-28DB-4218-81B9-31E0E146ECC0}.Release-EDSS|x86.Build.0 = Release|Win32
		{79FE382A-C29C-4C32-A028-B8D1ABDF51B0}.Debug|Any CPU.ActiveCfg = Debug|x64
		{79FE382A-C29C-4C32-A028-B8D1ABDF51B0}.Debug|Any CPU.Build.0 = Debug|x64
		{79FE382A-C29C-4C32-A028-B8D1ABDF51B0}.Debug|ARM.ActiveCfg = Debug|x64
		{79FE382A-C29C-4C32-A028-B8D1ABDF51B0}.Debug|ARM.Build.0 = Debug|x64
		{79FE382A-C29C-4C32-A028-B8D1ABDF51B0}.Debug|ARM64.ActiveCfg = Debug|x64
		{79FE382A-C29C-4C32-A028-B8D1ABDF51B0}.Debug|ARM64.Build.0 = Debug|x64
		{79FE382A-C29C-4C32-A028-B8D1ABDF51B0}.Debug|x64.ActiveCfg = Debug|x64
		{79FE382A-C29C-4C32-A028-B8D1ABDF51B0}.Debug|x64.Build.0 = Debug|x64
		{79FE382A-C29C-4C32-A028-B8D1ABDF51B0}.Debug|x86.ActiveCfg = Debug|Win32
		{79FE382A-C29C-4C32-A028-B8D1ABDF51B0}.Debug|x86.Build.0 = Debug|Win32
		{79FE382A-C29C-4C32-A028-B8D1ABDF51B0}.MinSizeRel|Any CPU.ActiveCfg = Release|x64
		{79FE382A-C29C-4C32-A028-B8D1ABDF51B0}.MinSizeRel|Any CPU.Build.0 = Release|x64
		{79FE382A-C29C-4C32-A028-B8D1ABDF51B0}.MinSizeRel|ARM.ActiveCfg = Release|Win32
		{79FE382A-C29C-4C32-A028-B8D1ABDF51B0}.MinSizeRel|ARM.Build.0 = Release|Win32
		{79FE382A-C29C-4C32-A028-B8D1ABDF51B0}.MinSizeRel|ARM64.ActiveCfg = Release|Win32
		{79FE382A-C29C-4C32-A028-B8D1ABDF51B0}.MinSizeRel|ARM64.Build.0 = Release|Win32
		{79FE382A-C29C-4C32-A028-B8D1ABDF51B0}.MinSizeRel|x64.ActiveCfg = Release|x64
		{79FE382A-C29C-4C32-A028-B8D1ABDF51B0}.MinSizeRel|x64.Build.0 = Release|x64
		{79FE382A-C29C-4C32-A028-B8D1ABDF51B0}.MinSizeRel|x86.ActiveCfg = Release|Win32
		{79FE382A-C29C-4C32-A028-B8D1ABDF51B0}.MinSizeRel|x86.Build.0 = Release|Win32
		{79FE382A-C29C-4C32-A028-B8D1ABDF51B0}.Release|Any CPU.ActiveCfg = Release|x64
		{79FE382A-C29C-4C32-A028-B8D1ABDF51B0}.Release|Any CPU.Build.0 = Release|x64
		{79FE382A-C29C-4C32-A028-B8D1ABDF51B0}.Release|ARM.ActiveCfg = Release|x64
		{79FE382A-C29C-4C32-A028-B8D1ABDF51B0}.Release|ARM.Build.0 = Release|x64
		{79FE382A-C29C-4C32-A028-B8D1ABDF51B0}.Release|ARM64.ActiveCfg = Release|x64
		{79FE382A-C29C-4C32-A028-B8D1ABDF51B0}.Release|ARM64.Build.0 = Release|x64
		{79FE382A-C29C-4C32-A028-B8D1ABDF51B0}.Release|x64.ActiveCfg = Release|x64
		{79FE382A-C29C-4C32-A028-B8D1ABDF51B0}.Release|x64.Build.0 = Release|x64
		{79FE382A-C29C-4C32-A028-B8D1ABDF51B0}.Release|x86.ActiveCfg = Release|Win32
		{79FE382A-C29C-4C32-A028-B8D1ABDF51B0}.Release|x86.Build.0 = Release|Win32
		{79FE382A-C29C-4C32-A028-B8D1ABDF51B0}.Release-EDSS|Any CPU.ActiveCfg = Release|x64
		{79FE382A-C29C-4C32-A028-B8D1ABDF51B0}.Release-EDSS|Any CPU.Build.0 = Release|x64
		{79FE382A-C29C-4C32-A028-B8D1ABDF51B0}.Release-EDSS|ARM.ActiveCfg = Release|x64
		{79FE382A-C29C-4C32-A028-B8D1ABDF51B0}.Release-EDSS|ARM.Build.0 = Release|x64
		{79FE382A-C29C-4C32-A028-B8D1ABDF51B0}.Release-EDSS|ARM64.ActiveCfg = Release|x64
		{79FE382A-C29C-4C32-A028-B8D1ABDF51B0}.Release-EDSS|ARM64.Build.0 = Release|x64
		{79FE382A-C29C-4C32-A028-B8D1ABDF51B0}.Release-EDSS|x64.ActiveCfg = Release|x64
		{79FE382A-C29C-4C32-A028-B8D1ABDF51B0}.Release-EDSS|x86.ActiveCfg = Release|Win32
		{79FE382A-C29C-4C32-A028-B8D1ABDF51B0}.Release-EDSS|x86.Build.0 = Release|Win32
		{57ABAF22-837A-4DA3-9C92-1BA37CCFA550}.Debug|Any CPU.ActiveCfg = Debug|x64
		{57ABAF22-837A-4DA3-9C92-1BA37CCFA550}.Debug|Any CPU.Build.0 = Debug|x64
		{57ABAF22-837A-4DA3-9C92-1BA37CCFA550}.Debug|ARM.ActiveCfg = Debug|x64
		{57ABAF22-837A-4DA3-9C92-1BA37CCFA550}.Debug|ARM.Build.0 = Debug|x64
		{57ABAF22-837A-4DA3-9C92-1BA37CCFA550}.Debug|ARM64.ActiveCfg = Debug|x64
		{57ABAF22-837A-4DA3-9C92-1BA37CCFA550}.Debug|ARM64.Build.0 = Debug|x64
		{57ABAF22-837A-4DA3-9C92-1BA37CCFA550}.Debug|x64.ActiveCfg = Debug|x64
		{57ABAF22-837A-4DA3-9C92-1BA37CCFA550}.Debug|x64.Build.0 = Debug|x64
		{57ABAF22-837A-4DA3-9C92-1BA37CCFA550}.Debug|x86.ActiveCfg = Debug|Win32
		{57ABAF22-837A-4DA3-9C92-1BA37CCFA550}.Debug|x86.Build.0 = Debug|Win32
		{57ABAF22-837A-4DA3-9C92-1BA37CCFA550}.MinSizeRel|Any CPU.ActiveCfg = Release|x64
		{57ABAF22-837A-4DA3-9C92-1BA37CCFA550}.MinSizeRel|Any CPU.Build.0 = Release|x64
		{57ABAF22-837A-4DA3-9C92-1BA37CCFA550}.MinSizeRel|ARM.ActiveCfg = Release|Win32
		{57ABAF22-837A-4DA3-9C92-1BA37CCFA550}.MinSizeRel|ARM.Build.0 = Release|Win32
		{57ABAF22-837A-4DA3-9C92-1BA37CCFA550}.MinSizeRel|ARM64.ActiveCfg = Release|Win32
		{57ABAF22-837A-4DA3-9C92-1BA37CCFA550}.MinSizeRel|ARM64.Build.0 = Release|Win32
		{57ABAF22-837A-4DA3-9C92-1BA37CCFA550}.MinSizeRel|x64.ActiveCfg = Release|x64
		{57ABAF22-837A-4DA3-9C92-1BA37CCFA550}.MinSizeRel|x64.Build.0 = Release|x64
		{57ABAF22-837A-4DA3-9C92-1BA37CCFA550}.MinSizeRel|x86.ActiveCfg = Release|Win32
		{57ABAF22-837A-4DA3-9C92-1BA37CCFA550}.MinSizeRel|x86.Build.0 = Release|Win32
		{57ABAF22-837A-4DA3-9C92-1BA37CCFA550}.Release|Any CPU.ActiveCfg = Release|x64
		{57ABAF22-837A-4DA3-9C92-1BA37CCFA550}.Release|Any CPU.Build.0 = Release|x64
		{57ABAF22-837A-4DA3-9C92-1BA37CCFA550}.Release|ARM.ActiveCfg = Release|x64
		{57ABAF22-837A-4DA3-9C92-1BA37CCFA550}.Release|ARM.Build.0 = Release|x64
		{57ABAF22-837A-4DA3-9C92-1BA37CCFA550}.Release|ARM64.ActiveCfg = Release|x64
		{57ABAF22-837A-4DA3-9C92-1BA37CCFA550}.Release|ARM64.Build.0 = Release|x64
		{57ABAF22-837A-4DA3-9C92-1BA37CCFA550}.Release|x64.ActiveCfg = Release|x64
		{57ABAF22-837A-4DA3-9C92-1BA37CCFA550}.Release|x64.Build.0 = Release|x64
		{57ABAF22-837A-4DA3-9C92-1BA37CCFA550}.Release|x86.ActiveCfg = Release|Win32
		{57ABAF22-837A-4DA3-9C92-1BA37CCFA550}.Release|x86.Build.0 = Release|Win32
		{57ABAF22-837A-4DA3-9C92-1BA37CCFA550}.Release-EDSS|Any CPU.ActiveCfg = Release|x64
		{57ABAF22-837A-4DA3-9C92-1BA37CCFA550}.Release-EDSS|Any CPU.Build.0 = Release|x64
		{57ABAF22-837A-4DA3-9C92-1BA37CCFA550}.Release-EDSS|ARM.ActiveCfg = Release|x64
		{57ABAF22-837A-4DA3-9C92-1BA37CCFA550}.Release-EDSS|ARM.Build.0 = Release|x64
		{57ABAF22-837A-4DA3-9C92-1BA37CCFA550}.Release-EDSS|ARM64.ActiveCfg = Release|x64
		{57ABAF22-837A-4DA3-9C92-1BA37CCFA550}.Release-EDSS|ARM64.Build.0 = Release|x64
		{57ABAF22-837A-4DA3-9C92-1BA37CCFA550}.Release-EDSS|x64.ActiveCfg = Release|x64
		{57ABAF22-837A-4DA3-9C92-1BA37CCFA550}.Release-EDSS|x86.ActiveCfg = Release|Win32
		{57ABAF22-837A-4DA3-9C92-1BA37CCFA550}.Release-EDSS|x86.Build.0 = Release|Win32
		{3C39C9BC-0E85-42C0-894C-3561BB93E87F}.Debug|Any CPU.ActiveCfg = Debug|x64
		{3C39C9BC-0E85-42C0-894C-3561BB93E87F}.Debug|Any CPU.Build.0 = Debug|x64
		{3C39C9BC-0E85-42C0-894C-3561BB93E87F}.Debug|ARM.ActiveCfg = Debug|x64
		{3C39C9BC-0E85-42C0-894C-3561BB93E87F}.Debug|ARM.Build.0 = Debug|x64
		{3C39C9BC-0E85-42C0-894C-3561BB93E87F}.Debug|ARM64.ActiveCfg = Debug|x64
		{3C39C9BC-0E85-42C0-894C-3561BB93E87F}.Debug|ARM64.Build.0 = Debug|x64
		{3C39C9BC-0E85-42C0-894C-3561BB93E87F}.Debug|x64.ActiveCfg = Debug|x64
		{3C39C9BC-0E85-42C0-894C-3561BB93E87F}.Debug|x64.Build.0 = Debug|x64
		{3C39C9BC-0E85-42C0-894C-3561BB93E87F}.Debug|x86.ActiveCfg = Debug|Win32
		{3C39C9BC-0E85-42C0-894C-3561BB93E87F}.Debug|x86.Build.0 = Debug|Win32
		{3C39C9BC-0E85-42C0-894C-3561BB93E87F}.MinSizeRel|Any CPU.ActiveCfg = Release|x64
		{3C39C9BC-0E85-42C0-894C-3561BB93E87F}.MinSizeRel|Any CPU.Build.0 = Release|x64
		{3C39C9BC-0E85-42C0-894C-3561BB93E87F}.MinSizeRel|ARM.ActiveCfg = Release|Win32
		{3C39C9BC-0E85-42C0-894C-3561BB93E87F}.MinSizeRel|ARM.Build.0 = Release|Win32
		{3C39C9BC-0E85-42C0-894C-3561BB93E87F}.MinSizeRel|ARM64.ActiveCfg = Release|Win32
		{3C39C9BC-0E85-42C0-894C-3561BB93E87F}.MinSizeRel|ARM64.Build.0 = Release|Win32
		{3C39C9BC-0E85-42C0-894C-3561BB93E87F}.MinSizeRel|x64.ActiveCfg = Release|x64
		{3C39C9BC-0E85-42C0-894C-3561BB93E87F}.MinSizeRel|x64.Build.0 = Release|x64
		{3C39C9BC-0E85-42C0-894C-3561BB93E87F}.MinSizeRel|x86.ActiveCfg = Release|Win32
		{3C39C9BC-0E85-42C0-894C-3561BB93E87F}.MinSizeRel|x86.Build.0 = Release|Win32
		{3C39C9BC-0E85-42C0-894C-3561BB93E87F}.Release|Any CPU.ActiveCfg = Release|x64
		{3C39C9BC-0E85-42C0-894C-3561BB93E87F}.Release|Any CPU.Build.0 = Release|x64
		{3C39C9BC-0E85-42C0-894C-3561BB93E87F}.Release|ARM.ActiveCfg = Release|x64
		{3C39C9BC-0E85-42C0-894C-3561BB93E87F}.Release|ARM.Build.0 = Release|x64
		{3C39C9BC-0E85-42C0-894C-3561BB93E87F}.Release|ARM64.ActiveCfg = Release|x64
		{3C39C9BC-0E85-42C0-894C-3561BB93E87F}.Release|ARM64.Build.0 = Release|x64
		{3C39C9BC-0E85-42C0-894C-3561BB93E87F}.Release|x64.ActiveCfg = Release|x64
		{3C39C9BC-0E85-42C0-894C-3561BB93E87F}.Release|x64.Build.0 = Release|x64
		{3C39C9BC-0E85-42C0-894C-3561BB93E87F}.Release|x86.ActiveCfg = Release|Win32
		{3C39C9BC-0E85-42C0-894C-3561BB93E87F}.Release|x86.Build.0 = Release|Win32
		{3C39C9BC-0E85-42C0-894C-3561BB93E87F}.Release-EDSS|Any CPU.ActiveCfg = Release|x64
		{3C39C9BC-0E85-42C0-894C-3561BB93E87F}.Release-EDSS|Any CPU.Build.0 = Release|x64
		{3C39C9BC-0E85-42C0-894C-3561BB93E87F}.Release-EDSS|ARM.ActiveCfg = Release|x64
		{3C39C9BC-0E85-42C0-894C-3561BB93E87F}.Release-EDSS|ARM.Build.0 = Release|x64
		{3C39C9BC-0E85-42C0-894C-3561BB93E87F}.Release-EDSS|ARM64.ActiveCfg = Release|x64
		{3C39C9BC-0E85-42C0-894C-3561BB93E87F}.Release-EDSS|ARM64.Build.0 = Release|x64
		{3C39C9BC-0E85-42C0-894C-3561BB93E87F}.Release-EDSS|x64.ActiveCfg = Release|x64
		{3C39C9BC-0E85-42C0-894C-3561BB93E87F}.Release-EDSS|x86.ActiveCfg = Release|Win32
		{3C39C9BC-0E85-42C0-894C-3561BB93E87F}.Release-EDSS|x86.Build.0 = Release|Win32
		{3C80B001-E165-4E0E-A92D-5767CF4FB1F8}.Debug|Any CPU.ActiveCfg = Debug|x64
		{3C80B001-E165-4E0E-A92D-5767CF4FB1F8}.Debug|Any CPU.Build.0 = Debug|x64
		{3C80B001-E165-4E0E-A92D-5767CF4FB1F8}.Debug|ARM.ActiveCfg = Debug|x64
		{3C80B001-E165-4E0E-A92D-5767CF4FB1F8}.Debug|ARM.Build.0 = Debug|x64
		{3C80B001-E165-4E0E-A92D-5767CF4FB1F8}.Debug|ARM64.ActiveCfg = Debug|x64
		{3C80B001-E165-4E0E-A92D-5767CF4FB1F8}.Debug|ARM64.Build.0 = Debug|x64
		{3C80B001-E165-4E0E-A92D-5767CF4FB1F8}.Debug|x64.ActiveCfg = Debug|x64
		{3C80B001-E165-4E0E-A92D-5767CF4FB1F8}.Debug|x64.Build.0 = Debug|x64
		{3C80B001-E165-4E0E-A92D-5767CF4FB1F8}.Debug|x86.ActiveCfg = Debug|x64
		{3C80B001-E165-4E0E-A92D-5767CF4FB1F8}.Debug|x86.Build.0 = Debug|x64
		{3C80B001-E165-4E0E-A92D-5767CF4FB1F8}.MinSizeRel|Any CPU.ActiveCfg = Release-EDSS|x64
		{3C80B001-E165-4E0E-A92D-5767CF4FB1F8}.MinSizeRel|Any CPU.Build.0 = Release-EDSS|x64
		{3C80B001-E165-4E0E-A92D-5767CF4FB1F8}.MinSizeRel|ARM.ActiveCfg = Release|x64
		{3C80B001-E165-4E0E-A92D-5767CF4FB1F8}.MinSizeRel|ARM.Build.0 = Release|x64
		{3C80B001-E165-4E0E-A92D-5767CF4FB1F8}.MinSizeRel|ARM64.ActiveCfg = Release|x64
		{3C80B001-E165-4E0E-A92D-5767CF4FB1F8}.MinSizeRel|ARM64.Build.0 = Release|x64
		{3C80B001-E165-4E0E-A92D-5767CF4FB1F8}.MinSizeRel|x64.ActiveCfg = Release|x64
		{3C80B001-E165-4E0E-A92D-5767CF4FB1F8}.MinSizeRel|x64.Build.0 = Release|x64
		{3C80B001-E165-4E0E-A92D-5767CF4FB1F8}.MinSizeRel|x86.ActiveCfg = Release|x64
		{3C80B001-E165-4E0E-A92D-5767CF4FB1F8}.MinSizeRel|x86.Build.0 = Release|x64
		{3C80B001-E165-4E0E-A92D-5767CF4FB1F8}.Release|Any CPU.ActiveCfg = Release|x64
		{3C80B001-E165-4E0E-A92D-5767CF4FB1F8}.Release|Any CPU.Build.0 = Release|x64
		{3C80B001-E165-4E0E-A92D-5767CF4FB1F8}.Release|ARM.ActiveCfg = Release|x64
		{3C80B001-E165-4E0E-A92D-5767CF4FB1F8}.Release|ARM.Build.0 = Release|x64
		{3C80B001-E165-4E0E-A92D-5767CF4FB1F8}.Release|ARM64.ActiveCfg = Release|x64
		{3C80B001-E165-4E0E-A92D-5767CF4FB1F8}.Release|ARM64.Build.0 = Release|x64
		{3C80B001-E165-4E0E-A92D-5767CF4FB1F8}.Release|x64.ActiveCfg = Release|x64
		{3C80B001-E165-4E0E-A92D-5767CF4FB1F8}.Release|x64.Build.0 = Release|x64
		{3C80B001-E165-4E0E-A92D-5767CF4FB1F8}.Release|x86.ActiveCfg = Release|x64
		{3C80B001-E165-4E0E-A92D-5767CF4FB1F8}.Release|x86.Build.0 = Release|x64
		{3C80B001-E165-4E0E-A92D-5767CF4FB1F8}.Release-EDSS|Any CPU.ActiveCfg = Release-EDSS|x64
		{3C80B001-E165-4E0E-A92D-5767CF4FB1F8}.Release-EDSS|Any CPU.Build.0 = Release-EDSS|x64
		{3C80B001-E165-4E0E-A92D-5767CF4FB1F8}.Release-EDSS|ARM.ActiveCfg = Release-EDSS|x64
		{3C80B001-E165-4E0E-A92D-5767CF4FB1F8}.Release-EDSS|ARM.Build.0 = Release-EDSS|x64
		{3C80B001-E165-4E0E-A92D-5767CF4FB1F8}.Release-EDSS|ARM64.ActiveCfg = Release-EDSS|x64
		{3C80B001-E165-4E0E-A92D-5767CF4FB1F8}.Release-EDSS|ARM64.Build.0 = Release-EDSS|x64
		{3C80B001-E165-4E0E-A92D-5767CF4FB1F8}.Release-EDSS|x64.ActiveCfg = Release-EDSS|x64
		{3C80B001-E165-4E0E-A92D-5767CF4FB1F8}.Release-EDSS|x64.Build.0 = Release-EDSS|x64
		{3C80B001-E165-4E0E-A92D-5767CF4FB1F8}.Release-EDSS|x86.ActiveCfg = Release-EDSS|x64
		{3C80B001-E165-4E0E-A92D-5767CF4FB1F8}.Release-EDSS|x86.Build.0 = Release-EDSS|x64
		{808F5EA9-EA09-4D72-87B4-5397D43CBA54}.Debug|Any CPU.ActiveCfg = Debug|x64
		{808F5EA9-EA09-4D72-87B4-5397D43CBA54}.Debug|Any CPU.Build.0 = Debug|x64
		{808F5EA9-EA09-4D72-87B4-5397D43CBA54}.Debug|ARM.ActiveCfg = Debug|x64
		{808F5EA9-EA09-4D72-87B4-5397D43CBA54}.Debug|ARM.Build.0 = Debug|x64
		{808F5EA9-EA09-4D72-87B4-5397D43CBA54}.Debug|ARM64.ActiveCfg = Debug|x64
		{808F5EA9-EA09-4D72-87B4-5397D43CBA54}.Debug|ARM64.Build.0 = Debug|x64
		{808F5EA9-EA09-4D72-87B4-5397D43CBA54}.Debug|x64.ActiveCfg = Debug|x64
		{808F5EA9-EA09-4D72-87B4-5397D43CBA54}.Debug|x64.Build.0 = Debug|x64
		{808F5EA9-EA09-4D72-87B4-5397D43CBA54}.Debug|x86.ActiveCfg = Debug|x64
		{808F5EA9-EA09-4D72-87B4-5397D43CBA54}.Debug|x86.Build.0 = Debug|x64
		{808F5EA9-EA09-4D72-87B4-5397D43CBA54}.MinSizeRel|Any CPU.ActiveCfg = Release|x64
		{808F5EA9-EA09-4D72-87B4-5397D43CBA54}.MinSizeRel|Any CPU.Build.0 = Release|x64
		{808F5EA9-EA09-4D72-87B4-5397D43CBA54}.MinSizeRel|ARM.ActiveCfg = Release|x64
		{808F5EA9-EA09-4D72-87B4-5397D43CBA54}.MinSizeRel|ARM.Build.0 = Release|x64
		{808F5EA9-EA09-4D72-87B4-5397D43CBA54}.MinSizeRel|ARM64.ActiveCfg = Release|x64
		{808F5EA9-EA09-4D72-87B4-5397D43CBA54}.MinSizeRel|ARM64.Build.0 = Release|x64
		{808F5EA9-EA09-4D72-87B4-5397D43CBA54}.MinSizeRel|x64.ActiveCfg = Release|x64
		{808F5EA9-EA09-4D72-87B4-5397D43CBA54}.MinSizeRel|x64.Build.0 = Release|x64
		{808F5EA9-EA09-4D72-87B4-5397D43CBA54}.MinSizeRel|x86.ActiveCfg = Release|x64
		{808F5EA9-EA09-4D72-87B4-5397D43CBA54}.MinSizeRel|x86.Build.0 = Release|x64
		{808F5EA9-EA09-4D72-87B4-5397D43CBA54}.Release|Any CPU.ActiveCfg = Release|x64
		{808F5EA9-EA09-4D72-87B4-5397D43CBA54}.Release|Any CPU.Build.0 = Release|x64
		{808F5EA9-EA09-4D72-87B4-5397D43CBA54}.Release|ARM.ActiveCfg = Release|x64
		{808F5EA9-EA09-4D72-87B4-5397D43CBA54}.Release|ARM.Build.0 = Release|x64
		{808F5EA9-EA09-4D72-87B4-5397D43CBA54}.Release|ARM64.ActiveCfg = Release|x64
		{808F5EA9-EA09-4D72-87B4-5397D43CBA54}.Release|ARM64.Build.0 = Release|x64
		{808F5EA9-EA09-4D72-87B4-5397D43CBA54}.Release|x64.ActiveCfg = Release|x64
		{808F5EA9-EA09-4D72-87B4-5397D43CBA54}.Release|x64.Build.0 = Release|x64
		{808F5EA9-EA09-4D72-87B4-5397D43CBA54}.Release|x86.ActiveCfg = Release|x64
		{808F5EA9-EA09-4D72-87B4-5397D43CBA54}.Release|x86.Build.0 = Release|x64
		{808F5EA9-EA09-4D72-87B4-5397D43CBA54}.Release-EDSS|Any CPU.ActiveCfg = Release|x64
		{808F5EA9-EA09-4D72-87B4-5397D43CBA54}.Release-EDSS|Any CPU.Build.0 = Release|x64
		{808F5EA9-EA09-4D72-87B4-5397D43CBA54}.Release-EDSS|ARM.ActiveCfg = Release|x64
		{808F5EA9-EA09-4D72-87B4-5397D43CBA54}.Release-EDSS|ARM.Build.0 = Release|x64
		{808F5EA9-EA09-4D72-87B4-5397D43CBA54}.Release-EDSS|ARM64.ActiveCfg = Release|x64
		{808F5EA9-EA09-4D72-87B4-5397D43CBA54}.Release-EDSS|ARM64.Build.0 = Release|x64
		{808F5EA9-EA09-4D72-87B4-5397D43CBA54}.Release-EDSS|x64.ActiveCfg = Release|x64
		{808F5EA9-EA09-4D72-87B4-5397D43CBA54}.Release-EDSS|x64.Build.0 = Release|x64
		{808F5EA9-EA09-4D72-87B4-5397D43CBA54}.Release-EDSS|x86.ActiveCfg = Release|x64
		{808F5EA9-EA09-4D72-87B4-5397D43CBA54}.Release-EDSS|x86.Build.0 = Release|x64
		{7A1C7F0B-ECB3-4C98-B74E-E5BBA63BA4A7}.Debug|Any CPU.ActiveCfg = Debug|x64
		{7A1C7F0B-ECB3-4C98-B74E-E5BBA63BA4A7}.Debug|Any CPU.Build.0 = Debug|x64
		{7A1C7F0B-ECB3-4C98-B74E-E5BBA63BA4A7}.Debug|ARM.ActiveCfg = Debug|x64
		{7A1C7F0B-ECB3-4C98-B74E-E5BBA63BA4A7}.Debug|ARM.Build.0 = Debug|x64
		{7A1C7F0B-ECB3-4C98-B74E-E5BBA63BA4A7}.Debug|ARM64.ActiveCfg = Debug|x64
		{7A1C7F0B-ECB3-4C98-B74E-E5BBA63BA4A7}.Debug|ARM64.Build.0 = Debug|x64
		{7A1C7F0B-ECB3-4C98-B74E-E5BBA63BA4A7}.Debug|x64.ActiveCfg = Debug|x64
		{7A1C7F0B-ECB3-4C98-B74E-E5BBA63BA4A7}.Debug|x64.Build.0 = Debug|x64
		{7A1C7F0B-ECB3-4C98-B74E-E5BBA63BA4A7}.Debug|x86.ActiveCfg = Debug|x64
		{7A1C7F0B-ECB3-4C98-B74E-E5BBA63BA4A7}.Debug|x86.Build.0 = Debug|x64
		{7A1C7F0B-ECB3-4C98-B74E-E5BBA63BA4A7}.MinSizeRel|Any CPU.ActiveCfg = Release|x64
		{7A1C7F0B-ECB3-4C98-B74E-E5BBA63BA4A7}.MinSizeRel|Any CPU.Build.0 = Release|x64
		{7A1C7F0B-ECB3-4C98-B74E-E5BBA63BA4A7}.MinSizeRel|ARM.ActiveCfg = Release|x64
		{7A1C7F0B-ECB3-4C98-B74E-E5BBA63BA4A7}.MinSizeRel|ARM.Build.0 = Release|x64
		{7A1C7F0B-ECB3-4C98-B74E-E5BBA63BA4A7}.MinSizeRel|ARM64.ActiveCfg = Release|x64
		{7A1C7F0B-ECB3-4C98-B74E-E5BBA63BA4A7}.MinSizeRel|ARM64.Build.0 = Release|x64
		{7A1C7F0B-ECB3-4C98-B74E-E5BBA63BA4A7}.MinSizeRel|x64.ActiveCfg = Release|x64
		{7A1C7F0B-ECB3-4C98-B74E-E5BBA63BA4A7}.MinSizeRel|x64.Build.0 = Release|x64
		{7A1C7F0B-ECB3-4C98-B74E-E5BBA63BA4A7}.MinSizeRel|x86.ActiveCfg = Release|x64
		{7A1C7F0B-ECB3-4C98-B74E-E5BBA63BA4A7}.MinSizeRel|x86.Build.0 = Release|x64
		{7A1C7F0B-ECB3-4C98-B74E-E5BBA63BA4A7}.Release|Any CPU.ActiveCfg = Release|x64
		{7A1C7F0B-ECB3-4C98-B74E-E5BBA63BA4A7}.Release|Any CPU.Build.0 = Release|x64
		{7A1C7F0B-ECB3-4C98-B74E-E5BBA63BA4A7}.Release|ARM.ActiveCfg = Release|x64
		{7A1C7F0B-ECB3-4C98-B74E-E5BBA63BA4A7}.Release|ARM.Build.0 = Release|x64
		{7A1C7F0B-ECB3-4C98-B74E-E5BBA63BA4A7}.Release|ARM64.ActiveCfg = Release|x64
		{7A1C7F0B-ECB3-4C98-B74E-E5BBA63BA4A7}.Release|ARM64.Build.0 = Release|x64
		{7A1C7F0B-ECB3-4C98-B74E-E5BBA63BA4A7}.Release|x64.ActiveCfg = Release|x64
		{7A1C7F0B-ECB3-4C98-B74E-E5BBA63BA4A7}.Release|x64.Build.0 = Release|x64
		{7A1C7F0B-ECB3-4C98-B74E-E5BBA63BA4A7}.Release|x86.ActiveCfg = Release|x64
		{7A1C7F0B-ECB3-4C98-B74E-E5BBA63BA4A7}.Release|x86.Build.0 = Release|x64
		{7A1C7F0B-ECB3-4C98-B74E-E5BBA63BA4A7}.Release-EDSS|Any CPU.ActiveCfg = Release|x64
		{7A1C7F0B-ECB3-4C98-B74E-E5BBA63BA4A7}.Release-EDSS|Any CPU.Build.0 = Release|x64
		{7A1C7F0B-ECB3-4C98-B74E-E5BBA63BA4A7}.Release-EDSS|ARM.ActiveCfg = Release|x64
		{7A1C7F0B-ECB3-4C98-B74E-E5BBA63BA4A7}.Release-EDSS|ARM.Build.0 = Release|x64
		{7A1C7F0B-ECB3-4C98-B74E-E5BBA63BA4A7}.Release-EDSS|ARM64.ActiveCfg = Release|x64
		{7A1C7F0B-ECB3-4C98-B74E-E5BBA63BA4A7}.Release-EDSS|ARM64.Build.0 = Release|x64
		{7A1C7F0B-ECB3-4C98-B74E-E5BBA63BA4A7}.Release-EDSS|x64.ActiveCfg = Release|x64
		{7A1C7F0B-ECB3-4C98-B74E-E5BBA63BA4A7}.Release-EDSS|x86.ActiveCfg = Release|x64
		{7A1C7F0B-ECB3-4C98-B74E-E5BBA63BA4A7}.Release-EDSS|x86.Build.0 = Release|x64
		{BB48BBC7-E308-4DA5-AB22-16D7A8D1EB3E}.Debug|Any CPU.ActiveCfg = Debug|x86
		{BB48BBC7-E308-4DA5-AB22-16D7A8D1EB3E}.Debug|ARM.ActiveCfg = Debug|x86
		{BB48BBC7-E308-4DA5-AB22-16D7A8D1EB3E}.Debug|ARM64.ActiveCfg = Debug|x86
		{BB48BBC7-E308-4DA5-AB22-16D7A8D1EB3E}.Debug|x64.ActiveCfg = Debug|x86
		{BB48BBC7-E308-4DA5-AB22-16D7A8D1EB3E}.Debug|x86.ActiveCfg = Debug|x86
		{BB48BBC7-E308-4DA5-AB22-16D7A8D1EB3E}.MinSizeRel|Any CPU.ActiveCfg = Release|x86
		{BB48BBC7-E308-4DA5-AB22-16D7A8D1EB3E}.MinSizeRel|Any CPU.Build.0 = Release|x86
		{BB48BBC7-E308-4DA5-AB22-16D7A8D1EB3E}.MinSizeRel|ARM.ActiveCfg = Release|x86
		{BB48BBC7-E308-4DA5-AB22-16D7A8D1EB3E}.MinSizeRel|ARM64.ActiveCfg = Release|x86
		{BB48BBC7-E308-4DA5-AB22-16D7A8D1EB3E}.MinSizeRel|x64.ActiveCfg = Release|x86
		{BB48BBC7-E308-4DA5-AB22-16D7A8D1EB3E}.MinSizeRel|x86.ActiveCfg = Release|x86
		{BB48BBC7-E308-4DA5-AB22-16D7A8D1EB3E}.Release|Any CPU.ActiveCfg = Release|x86
		{BB48BBC7-E308-4DA5-AB22-16D7A8D1EB3E}.Release|Any CPU.Build.0 = Release|x86
		{BB48BBC7-E308-4DA5-AB22-16D7A8D1EB3E}.Release|ARM.ActiveCfg = Release|x86
		{BB48BBC7-E308-4DA5-AB22-16D7A8D1EB3E}.Release|ARM.Build.0 = Release|x86
		{BB48BBC7-E308-4DA5-AB22-16D7A8D1EB3E}.Release|ARM64.ActiveCfg = Release|x86
		{BB48BBC7-E308-4DA5-AB22-16D7A8D1EB3E}.Release|ARM64.Build.0 = Release|x86
		{BB48BBC7-E308-4DA5-AB22-16D7A8D1EB3E}.Release|x64.ActiveCfg = Release|x86
		{BB48BBC7-E308-4DA5-AB22-16D7A8D1EB3E}.Release|x64.Build.0 = Release|x86
		{BB48BBC7-E308-4DA5-AB22-16D7A8D1EB3E}.Release|x86.ActiveCfg = Release|x86
		{BB48BBC7-E308-4DA5-AB22-16D7A8D1EB3E}.Release|x86.Build.0 = Release|x86
		{BB48BBC7-E308-4DA5-AB22-16D7A8D1EB3E}.Release-EDSS|Any CPU.ActiveCfg = Release|x86
		{BB48BBC7-E308-4DA5-AB22-16D7A8D1EB3E}.Release-EDSS|Any CPU.Build.0 = Release|x86
		{BB48BBC7-E308-4DA5-AB22-16D7A8D1EB3E}.Release-EDSS|ARM.ActiveCfg = Release|x86
		{BB48BBC7-E308-4DA5-AB22-16D7A8D1EB3E}.Release-EDSS|ARM.Build.0 = Release|x86
		{BB48BBC7-E308-4DA5-AB22-16D7A8D1EB3E}.Release-EDSS|ARM64.ActiveCfg = Release|x86
		{BB48BBC7-E308-4DA5-AB22-16D7A8D1EB3E}.Release-EDSS|ARM64.Build.0 = Release|x86
		{BB48BBC7-E308-4DA5-AB22-16D7A8D1EB3E}.Release-EDSS|x64.ActiveCfg = Release|x86
		{BB48BBC7-E308-4DA5-AB22-16D7A8D1EB3E}.Release-EDSS|x86.ActiveCfg = Release|x86
		{BB48BBC7-E308-4DA5-AB22-16D7A8D1EB3E}.Release-EDSS|x86.Build.0 = Release|x86
		{564B17E0-987F-4B08-B867-654AF9CFC022}.Debug|Any CPU.ActiveCfg = Debug|x64
		{564B17E0-987F-4B08-B867-654AF9CFC022}.Debug|Any CPU.Build.0 = Debug|x64
		{564B17E0-987F-4B08-B867-654AF9CFC022}.Debug|ARM.ActiveCfg = Debug|x64
		{564B17E0-987F-4B08-B867-654AF9CFC022}.Debug|ARM.Build.0 = Debug|x64
		{564B17E0-987F-4B08-B867-654AF9CFC022}.Debug|ARM64.ActiveCfg = Debug|x64
		{564B17E0-987F-4B08-B867-654AF9CFC022}.Debug|ARM64.Build.0 = Debug|x64
		{564B17E0-987F-4B08-B867-654AF9CFC022}.Debug|x64.ActiveCfg = Debug|x64
		{564B17E0-987F-4B08-B867-654AF9CFC022}.Debug|x64.Build.0 = Debug|x64
		{564B17E0-987F-4B08-B867-654AF9CFC022}.Debug|x86.ActiveCfg = Debug|Win32
		{564B17E0-987F-4B08-B867-654AF9CFC022}.Debug|x86.Build.0 = Debug|Win32
		{564B17E0-987F-4B08-B867-654AF9CFC022}.MinSizeRel|Any CPU.ActiveCfg = Release|x64
		{564B17E0-987F-4B08-B867-654AF9CFC022}.MinSizeRel|Any CPU.Build.0 = Release|x64
		{564B17E0-987F-4B08-B867-654AF9CFC022}.MinSizeRel|ARM.ActiveCfg = Debug|Win32
		{564B17E0-987F-4B08-B867-654AF9CFC022}.MinSizeRel|ARM.Build.0 = Debug|Win32
		{564B17E0-987F-4B08-B867-654AF9CFC022}.MinSizeRel|ARM64.ActiveCfg = Debug|Win32
		{564B17E0-987F-4B08-B867-654AF9CFC022}.MinSizeRel|ARM64.Build.0 = Debug|Win32
		{564B17E0-987F-4B08-B867-654AF9CFC022}.MinSizeRel|x64.ActiveCfg = Debug|x64
		{564B17E0-987F-4B08-B867-654AF9CFC022}.MinSizeRel|x64.Build.0 = Debug|x64
		{564B17E0-987F-4B08-B867-654AF9CFC022}.MinSizeRel|x86.ActiveCfg = Debug|Win32
		{564B17E0-987F-4B08-B867-654AF9CFC022}.MinSizeRel|x86.Build.0 = Debug|Win32
		{564B17E0-987F-4B08-B867-654AF9CFC022}.Release|Any CPU.ActiveCfg = Release|x64
		{564B17E0-987F-4B08-B867-654AF9CFC022}.Release|Any CPU.Build.0 = Release|x64
		{564B17E0-987F-4B08-B867-654AF9CFC022}.Release|ARM.ActiveCfg = Release|x64
		{564B17E0-987F-4B08-B867-654AF9CFC022}.Release|ARM.Build.0 = Release|x64
		{564B17E0-987F-4B08-B867-654AF9CFC022}.Release|ARM64.ActiveCfg = Release|x64
		{564B17E0-987F-4B08-B867-654AF9CFC022}.Release|ARM64.Build.0 = Release|x64
		{564B17E0-987F-4B08-B867-654AF9CFC022}.Release|x64.ActiveCfg = Release|x64
		{564B17E0-987F-4B08-B867-654AF9CFC022}.Release|x64.Build.0 = Release|x64
		{564B17E0-987F-4B08-B867-654AF9CFC022}.Release|x86.ActiveCfg = Release|Win32
		{564B17E0-987F-4B08-B867-654AF9CFC022}.Release|x86.Build.0 = Release|Win32
		{564B17E0-987F-4B08-B867-654AF9CFC022}.Release-EDSS|Any CPU.ActiveCfg = Release|x64
		{564B17E0-987F-4B08-B867-654AF9CFC022}.Release-EDSS|Any CPU.Build.0 = Release|x64
		{564B17E0-987F-4B08-B867-654AF9CFC022}.Release-EDSS|ARM.ActiveCfg = Debug|Win32
		{564B17E0-987F-4B08-B867-654AF9CFC022}.Release-EDSS|ARM.Build.0 = Debug|Win32
		{564B17E0-987F-4B08-B867-654AF9CFC022}.Release-EDSS|ARM64.ActiveCfg = Debug|Win32
		{564B17E0-987F-4B08-B867-654AF9CFC022}.Release-EDSS|ARM64.Build.0 = Debug|Win32
		{564B17E0-987F-4B08-B867-654AF9CFC022}.Release-EDSS|x64.ActiveCfg = Release|x64
		{564B17E0-987F-4B08-B867-654AF9CFC022}.Release-EDSS|x64.Build.0 = Release|x64
		{564B17E0-987F-4B08-B867-654AF9CFC022}.Release-EDSS|x86.ActiveCfg = Release|Win32
		{564B17E0-987F-4B08-B867-654AF9CFC022}.Release-EDSS|x86.Build.0 = Release|Win32
		{9E3C74BB-12BB-40AC-86BF-818D20140CBA}.Debug|Any CPU.ActiveCfg = Debug|Any CPU
		{9E3C74BB-12BB-40AC-86BF-818D20140CBA}.Debug|ARM.ActiveCfg = Debug|Any CPU
		{9E3C74BB-12BB-40AC-86BF-818D20140CBA}.Debug|ARM64.ActiveCfg = Debug|Any CPU
		{9E3C74BB-12BB-40AC-86BF-818D20140CBA}.Debug|x64.ActiveCfg = Debug|Any CPU
		{9E3C74BB-12BB-40AC-86BF-818D20140CBA}.Debug|x86.ActiveCfg = Debug|Any CPU
		{9E3C74BB-12BB-40AC-86BF-818D20140CBA}.MinSizeRel|Any CPU.ActiveCfg = Debug|Any CPU
		{9E3C74BB-12BB-40AC-86BF-818D20140CBA}.MinSizeRel|Any CPU.Build.0 = Debug|Any CPU
		{9E3C74BB-12BB-40AC-86BF-818D20140CBA}.MinSizeRel|ARM.ActiveCfg = Debug|Any CPU
		{9E3C74BB-12BB-40AC-86BF-818D20140CBA}.MinSizeRel|ARM.Build.0 = Debug|Any CPU
		{9E3C74BB-12BB-40AC-86BF-818D20140CBA}.MinSizeRel|ARM64.ActiveCfg = Debug|Any CPU
		{9E3C74BB-12BB-40AC-86BF-818D20140CBA}.MinSizeRel|ARM64.Build.0 = Debug|Any CPU
		{9E3C74BB-12BB-40AC-86BF-818D20140CBA}.MinSizeRel|x64.ActiveCfg = Debug|Any CPU
		{9E3C74BB-12BB-40AC-86BF-818D20140CBA}.MinSizeRel|x64.Build.0 = Debug|Any CPU
		{9E3C74BB-12BB-40AC-86BF-818D20140CBA}.MinSizeRel|x86.ActiveCfg = Debug|Any CPU
		{9E3C74BB-12BB-40AC-86BF-818D20140CBA}.MinSizeRel|x86.Build.0 = Debug|Any CPU
		{9E3C74BB-12BB-40AC-86BF-818D20140CBA}.Release|Any CPU.ActiveCfg = Release|Any CPU
		{9E3C74BB-12BB-40AC-86BF-818D20140CBA}.Release|Any CPU.Build.0 = Release|Any CPU
		{9E3C74BB-12BB-40AC-86BF-818D20140CBA}.Release|ARM.ActiveCfg = Release|Any CPU
		{9E3C74BB-12BB-40AC-86BF-818D20140CBA}.Release|ARM.Build.0 = Release|Any CPU
		{9E3C74BB-12BB-40AC-86BF-818D20140CBA}.Release|ARM64.ActiveCfg = Release|Any CPU
		{9E3C74BB-12BB-40AC-86BF-818D20140CBA}.Release|ARM64.Build.0 = Release|Any CPU
		{9E3C74BB-12BB-40AC-86BF-818D20140CBA}.Release|x64.ActiveCfg = Release|Any CPU
		{9E3C74BB-12BB-40AC-86BF-818D20140CBA}.Release|x64.Build.0 = Release|Any CPU
		{9E3C74BB-12BB-40AC-86BF-818D20140CBA}.Release|x86.ActiveCfg = Release|Any CPU
		{9E3C74BB-12BB-40AC-86BF-818D20140CBA}.Release|x86.Build.0 = Release|Any CPU
		{9E3C74BB-12BB-40AC-86BF-818D20140CBA}.Release-EDSS|Any CPU.ActiveCfg = Release|Any CPU
		{9E3C74BB-12BB-40AC-86BF-818D20140CBA}.Release-EDSS|Any CPU.Build.0 = Release|Any CPU
		{9E3C74BB-12BB-40AC-86BF-818D20140CBA}.Release-EDSS|ARM.ActiveCfg = Release|Any CPU
		{9E3C74BB-12BB-40AC-86BF-818D20140CBA}.Release-EDSS|ARM.Build.0 = Release|Any CPU
		{9E3C74BB-12BB-40AC-86BF-818D20140CBA}.Release-EDSS|ARM64.ActiveCfg = Release|Any CPU
		{9E3C74BB-12BB-40AC-86BF-818D20140CBA}.Release-EDSS|ARM64.Build.0 = Release|Any CPU
		{9E3C74BB-12BB-40AC-86BF-818D20140CBA}.Release-EDSS|x64.ActiveCfg = Release|Any CPU
		{9E3C74BB-12BB-40AC-86BF-818D20140CBA}.Release-EDSS|x86.ActiveCfg = Release|Any CPU
		{9E3C74BB-12BB-40AC-86BF-818D20140CBA}.Release-EDSS|x86.Build.0 = Release|Any CPU
		{F7D9E1CD-298D-465A-82D2-8778C860BC46}.Debug|Any CPU.ActiveCfg = Debug|x64
		{F7D9E1CD-298D-465A-82D2-8778C860BC46}.Debug|Any CPU.Build.0 = Debug|x64
		{F7D9E1CD-298D-465A-82D2-8778C860BC46}.Debug|ARM.ActiveCfg = Debug|x64
		{F7D9E1CD-298D-465A-82D2-8778C860BC46}.Debug|ARM.Build.0 = Debug|x64
		{F7D9E1CD-298D-465A-82D2-8778C860BC46}.Debug|ARM64.ActiveCfg = Debug|x64
		{F7D9E1CD-298D-465A-82D2-8778C860BC46}.Debug|ARM64.Build.0 = Debug|x64
		{F7D9E1CD-298D-465A-82D2-8778C860BC46}.Debug|x64.ActiveCfg = Debug|x64
		{F7D9E1CD-298D-465A-82D2-8778C860BC46}.Debug|x64.Build.0 = Debug|x64
		{F7D9E1CD-298D-465A-82D2-8778C860BC46}.Debug|x86.ActiveCfg = Debug|Win32
		{F7D9E1CD-298D-465A-82D2-8778C860BC46}.Debug|x86.Build.0 = Debug|Win32
		{F7D9E1CD-298D-465A-82D2-8778C860BC46}.MinSizeRel|Any CPU.ActiveCfg = Debug|x64
		{F7D9E1CD-298D-465A-82D2-8778C860BC46}.MinSizeRel|Any CPU.Build.0 = Debug|x64
		{F7D9E1CD-298D-465A-82D2-8778C860BC46}.MinSizeRel|ARM.ActiveCfg = Debug|x64
		{F7D9E1CD-298D-465A-82D2-8778C860BC46}.MinSizeRel|ARM.Build.0 = Debug|x64
		{F7D9E1CD-298D-465A-82D2-8778C860BC46}.MinSizeRel|ARM64.ActiveCfg = Debug|x64
		{F7D9E1CD-298D-465A-82D2-8778C860BC46}.MinSizeRel|ARM64.Build.0 = Debug|x64
		{F7D9E1CD-298D-465A-82D2-8778C860BC46}.MinSizeRel|x64.ActiveCfg = Debug|x64
		{F7D9E1CD-298D-465A-82D2-8778C860BC46}.MinSizeRel|x64.Build.0 = Debug|x64
		{F7D9E1CD-298D-465A-82D2-8778C860BC46}.MinSizeRel|x86.ActiveCfg = Debug|Win32
		{F7D9E1CD-298D-465A-82D2-8778C860BC46}.MinSizeRel|x86.Build.0 = Debug|Win32
		{F7D9E1CD-298D-465A-82D2-8778C860BC46}.Release|Any CPU.ActiveCfg = Release|x64
		{F7D9E1CD-298D-465A-82D2-8778C860BC46}.Release|Any CPU.Build.0 = Release|x64
		{F7D9E1CD-298D-465A-82D2-8778C860BC46}.Release|ARM.ActiveCfg = Release|x64
		{F7D9E1CD-298D-465A-82D2-8778C860BC46}.Release|ARM.Build.0 = Release|x64
		{F7D9E1CD-298D-465A-82D2-8778C860BC46}.Release|ARM64.ActiveCfg = Release|x64
		{F7D9E1CD-298D-465A-82D2-8778C860BC46}.Release|ARM64.Build.0 = Release|x64
		{F7D9E1CD-298D-465A-82D2-8778C860BC46}.Release|x64.ActiveCfg = Release|x64
		{F7D9E1CD-298D-465A-82D2-8778C860BC46}.Release|x64.Build.0 = Release|x64
		{F7D9E1CD-298D-465A-82D2-8778C860BC46}.Release|x86.ActiveCfg = Release|Win32
		{F7D9E1CD-298D-465A-82D2-8778C860BC46}.Release|x86.Build.0 = Release|Win32
		{F7D9E1CD-298D-465A-82D2-8778C860BC46}.Release-EDSS|Any CPU.ActiveCfg = Release|x64
		{F7D9E1CD-298D-465A-82D2-8778C860BC46}.Release-EDSS|Any CPU.Build.0 = Release|x64
		{F7D9E1CD-298D-465A-82D2-8778C860BC46}.Release-EDSS|ARM.ActiveCfg = Release|x64
		{F7D9E1CD-298D-465A-82D2-8778C860BC46}.Release-EDSS|ARM.Build.0 = Release|x64
		{F7D9E1CD-298D-465A-82D2-8778C860BC46}.Release-EDSS|ARM64.ActiveCfg = Release|x64
		{F7D9E1CD-298D-465A-82D2-8778C860BC46}.Release-EDSS|ARM64.Build.0 = Release|x64
		{F7D9E1CD-298D-465A-82D2-8778C860BC46}.Release-EDSS|x64.ActiveCfg = Release|x64
		{F7D9E1CD-298D-465A-82D2-8778C860BC46}.Release-EDSS|x86.ActiveCfg = Release|Win32
		{F7D9E1CD-298D-465A-82D2-8778C860BC46}.Release-EDSS|x86.Build.0 = Release|Win32
		{31551C65-38EA-4E21-8C0D-4BC4A097993C}.Debug|Any CPU.ActiveCfg = Debug|x64
		{31551C65-38EA-4E21-8C0D-4BC4A097993C}.Debug|Any CPU.Build.0 = Debug|x64
		{31551C65-38EA-4E21-8C0D-4BC4A097993C}.Debug|ARM.ActiveCfg = Debug|x64
		{31551C65-38EA-4E21-8C0D-4BC4A097993C}.Debug|ARM.Build.0 = Debug|x64
		{31551C65-38EA-4E21-8C0D-4BC4A097993C}.Debug|ARM64.ActiveCfg = Debug|x64
		{31551C65-38EA-4E21-8C0D-4BC4A097993C}.Debug|ARM64.Build.0 = Debug|x64
		{31551C65-38EA-4E21-8C0D-4BC4A097993C}.Debug|x64.ActiveCfg = Debug|x64
		{31551C65-38EA-4E21-8C0D-4BC4A097993C}.Debug|x64.Build.0 = Debug|x64
		{31551C65-38EA-4E21-8C0D-4BC4A097993C}.Debug|x86.ActiveCfg = Debug|Win32
		{31551C65-38EA-4E21-8C0D-4BC4A097993C}.Debug|x86.Build.0 = Debug|Win32
		{31551C65-38EA-4E21-8C0D-4BC4A097993C}.MinSizeRel|Any CPU.ActiveCfg = Debug|x64
		{31551C65-38EA-4E21-8C0D-4BC4A097993C}.MinSizeRel|Any CPU.Build.0 = Debug|x64
		{31551C65-38EA-4E21-8C0D-4BC4A097993C}.MinSizeRel|ARM.ActiveCfg = Debug|x64
		{31551C65-38EA-4E21-8C0D-4BC4A097993C}.MinSizeRel|ARM.Build.0 = Debug|x64
		{31551C65-38EA-4E21-8C0D-4BC4A097993C}.MinSizeRel|ARM64.ActiveCfg = Debug|x64
		{31551C65-38EA-4E21-8C0D-4BC4A097993C}.MinSizeRel|ARM64.Build.0 = Debug|x64
		{31551C65-38EA-4E21-8C0D-4BC4A097993C}.MinSizeRel|x64.ActiveCfg = Debug|x64
		{31551C65-38EA-4E21-8C0D-4BC4A097993C}.MinSizeRel|x64.Build.0 = Debug|x64
		{31551C65-38EA-4E21-8C0D-4BC4A097993C}.MinSizeRel|x86.ActiveCfg = Debug|Win32
		{31551C65-38EA-4E21-8C0D-4BC4A097993C}.MinSizeRel|x86.Build.0 = Debug|Win32
		{31551C65-38EA-4E21-8C0D-4BC4A097993C}.Release|Any CPU.ActiveCfg = Release|x64
		{31551C65-38EA-4E21-8C0D-4BC4A097993C}.Release|Any CPU.Build.0 = Release|x64
		{31551C65-38EA-4E21-8C0D-4BC4A097993C}.Release|ARM.ActiveCfg = Release|x64
		{31551C65-38EA-4E21-8C0D-4BC4A097993C}.Release|ARM.Build.0 = Release|x64
		{31551C65-38EA-4E21-8C0D-4BC4A097993C}.Release|ARM64.ActiveCfg = Release|x64
		{31551C65-38EA-4E21-8C0D-4BC4A097993C}.Release|ARM64.Build.0 = Release|x64
		{31551C65-38EA-4E21-8C0D-4BC4A097993C}.Release|x64.ActiveCfg = Release|x64
		{31551C65-38EA-4E21-8C0D-4BC4A097993C}.Release|x64.Build.0 = Release|x64
		{31551C65-38EA-4E21-8C0D-4BC4A097993C}.Release|x86.ActiveCfg = Release|Win32
		{31551C65-38EA-4E21-8C0D-4BC4A097993C}.Release|x86.Build.0 = Release|Win32
		{31551C65-38EA-4E21-8C0D-4BC4A097993C}.Release-EDSS|Any CPU.ActiveCfg = Release|x64
		{31551C65-38EA-4E21-8C0D-4BC4A097993C}.Release-EDSS|Any CPU.Build.0 = Release|x64
		{31551C65-38EA-4E21-8C0D-4BC4A097993C}.Release-EDSS|ARM.ActiveCfg = Release|x64
		{31551C65-38EA-4E21-8C0D-4BC4A097993C}.Release-EDSS|ARM.Build.0 = Release|x64
		{31551C65-38EA-4E21-8C0D-4BC4A097993C}.Release-EDSS|ARM64.ActiveCfg = Release|x64
		{31551C65-38EA-4E21-8C0D-4BC4A097993C}.Release-EDSS|ARM64.Build.0 = Release|x64
		{31551C65-38EA-4E21-8C0D-4BC4A097993C}.Release-EDSS|x64.ActiveCfg = Release|x64
		{31551C65-38EA-4E21-8C0D-4BC4A097993C}.Release-EDSS|x64.Build.0 = Release|x64
		{31551C65-38EA-4E21-8C0D-4BC4A097993C}.Release-EDSS|x86.ActiveCfg = Release|Win32
		{31551C65-38EA-4E21-8C0D-4BC4A097993C}.Release-EDSS|x86.Build.0 = Release|Win32
		{4197C787-370F-4886-A357-F8A5E1357A9C}.Debug|Any CPU.ActiveCfg = Debug|x64
		{4197C787-370F-4886-A357-F8A5E1357A9C}.Debug|Any CPU.Build.0 = Debug|x64
		{4197C787-370F-4886-A357-F8A5E1357A9C}.Debug|ARM.ActiveCfg = Debug|x64
		{4197C787-370F-4886-A357-F8A5E1357A9C}.Debug|ARM.Build.0 = Debug|x64
		{4197C787-370F-4886-A357-F8A5E1357A9C}.Debug|ARM64.ActiveCfg = Debug|x64
		{4197C787-370F-4886-A357-F8A5E1357A9C}.Debug|ARM64.Build.0 = Debug|x64
		{4197C787-370F-4886-A357-F8A5E1357A9C}.Debug|x64.ActiveCfg = Debug|x64
		{4197C787-370F-4886-A357-F8A5E1357A9C}.Debug|x64.Build.0 = Debug|x64
		{4197C787-370F-4886-A357-F8A5E1357A9C}.Debug|x86.ActiveCfg = Debug|Win32
		{4197C787-370F-4886-A357-F8A5E1357A9C}.Debug|x86.Build.0 = Debug|Win32
		{4197C787-370F-4886-A357-F8A5E1357A9C}.MinSizeRel|Any CPU.ActiveCfg = Debug|x64
		{4197C787-370F-4886-A357-F8A5E1357A9C}.MinSizeRel|Any CPU.Build.0 = Debug|x64
		{4197C787-370F-4886-A357-F8A5E1357A9C}.MinSizeRel|ARM.ActiveCfg = Debug|x64
		{4197C787-370F-4886-A357-F8A5E1357A9C}.MinSizeRel|ARM.Build.0 = Debug|x64
		{4197C787-370F-4886-A357-F8A5E1357A9C}.MinSizeRel|ARM64.ActiveCfg = Debug|x64
		{4197C787-370F-4886-A357-F8A5E1357A9C}.MinSizeRel|ARM64.Build.0 = Debug|x64
		{4197C787-370F-4886-A357-F8A5E1357A9C}.MinSizeRel|x64.ActiveCfg = Debug|x64
		{4197C787-370F-4886-A357-F8A5E1357A9C}.MinSizeRel|x64.Build.0 = Debug|x64
		{4197C787-370F-4886-A357-F8A5E1357A9C}.MinSizeRel|x86.ActiveCfg = Debug|Win32
		{4197C787-370F-4886-A357-F8A5E1357A9C}.MinSizeRel|x86.Build.0 = Debug|Win32
		{4197C787-370F-4886-A357-F8A5E1357A9C}.Release|Any CPU.ActiveCfg = Release|x64
		{4197C787-370F-4886-A357-F8A5E1357A9C}.Release|Any CPU.Build.0 = Release|x64
		{4197C787-370F-4886-A357-F8A5E1357A9C}.Release|ARM.ActiveCfg = Release|x64
		{4197C787-370F-4886-A357-F8A5E1357A9C}.Release|ARM.Build.0 = Release|x64
		{4197C787-370F-4886-A357-F8A5E1357A9C}.Release|ARM64.ActiveCfg = Release|x64
		{4197C787-370F-4886-A357-F8A5E1357A9C}.Release|ARM64.Build.0 = Release|x64
		{4197C787-370F-4886-A357-F8A5E1357A9C}.Release|x64.ActiveCfg = Release|x64
		{4197C787-370F-4886-A357-F8A5E1357A9C}.Release|x64.Build.0 = Release|x64
		{4197C787-370F-4886-A357-F8A5E1357A9C}.Release|x86.ActiveCfg = Release|Win32
		{4197C787-370F-4886-A357-F8A5E1357A9C}.Release|x86.Build.0 = Release|Win32
		{4197C787-370F-4886-A357-F8A5E1357A9C}.Release-EDSS|Any CPU.ActiveCfg = Release|x64
		{4197C787-370F-4886-A357-F8A5E1357A9C}.Release-EDSS|Any CPU.Build.0 = Release|x64
		{4197C787-370F-4886-A357-F8A5E1357A9C}.Release-EDSS|ARM.ActiveCfg = Release|x64
		{4197C787-370F-4886-A357-F8A5E1357A9C}.Release-EDSS|ARM.Build.0 = Release|x64
		{4197C787-370F-4886-A357-F8A5E1357A9C}.Release-EDSS|ARM64.ActiveCfg = Release|x64
		{4197C787-370F-4886-A357-F8A5E1357A9C}.Release-EDSS|ARM64.Build.0 = Release|x64
		{4197C787-370F-4886-A357-F8A5E1357A9C}.Release-EDSS|x64.ActiveCfg = Release|x64
		{4197C787-370F-4886-A357-F8A5E1357A9C}.Release-EDSS|x64.Build.0 = Release|x64
		{4197C787-370F-4886-A357-F8A5E1357A9C}.Release-EDSS|x86.ActiveCfg = Release|Win32
		{4197C787-370F-4886-A357-F8A5E1357A9C}.Release-EDSS|x86.Build.0 = Release|Win32
		{892028E5-32F6-45FC-8AB2-90FCBCAC4BF6}.Debug|Any CPU.ActiveCfg = Debug|x64
		{892028E5-32F6-45FC-8AB2-90FCBCAC4BF6}.Debug|Any CPU.Build.0 = Debug|x64
		{892028E5-32F6-45FC-8AB2-90FCBCAC4BF6}.Debug|ARM.ActiveCfg = Debug|ARM
		{892028E5-32F6-45FC-8AB2-90FCBCAC4BF6}.Debug|ARM.Build.0 = Debug|ARM
		{892028E5-32F6-45FC-8AB2-90FCBCAC4BF6}.Debug|ARM64.ActiveCfg = Debug|ARM64
		{892028E5-32F6-45FC-8AB2-90FCBCAC4BF6}.Debug|ARM64.Build.0 = Debug|ARM64
		{892028E5-32F6-45FC-8AB2-90FCBCAC4BF6}.Debug|x64.ActiveCfg = Debug|x64
		{892028E5-32F6-45FC-8AB2-90FCBCAC4BF6}.Debug|x64.Build.0 = Debug|x64
		{892028E5-32F6-45FC-8AB2-90FCBCAC4BF6}.Debug|x86.ActiveCfg = Debug|Win32
		{892028E5-32F6-45FC-8AB2-90FCBCAC4BF6}.Debug|x86.Build.0 = Debug|Win32
		{892028E5-32F6-45FC-8AB2-90FCBCAC4BF6}.MinSizeRel|Any CPU.ActiveCfg = Debug|x64
		{892028E5-32F6-45FC-8AB2-90FCBCAC4BF6}.MinSizeRel|Any CPU.Build.0 = Debug|x64
		{892028E5-32F6-45FC-8AB2-90FCBCAC4BF6}.MinSizeRel|ARM.ActiveCfg = Debug|ARM
		{892028E5-32F6-45FC-8AB2-90FCBCAC4BF6}.MinSizeRel|ARM.Build.0 = Debug|ARM
		{892028E5-32F6-45FC-8AB2-90FCBCAC4BF6}.MinSizeRel|ARM64.ActiveCfg = Debug|ARM64
		{892028E5-32F6-45FC-8AB2-90FCBCAC4BF6}.MinSizeRel|ARM64.Build.0 = Debug|ARM64
		{892028E5-32F6-45FC-8AB2-90FCBCAC4BF6}.MinSizeRel|x64.ActiveCfg = Debug|x64
		{892028E5-32F6-45FC-8AB2-90FCBCAC4BF6}.MinSizeRel|x64.Build.0 = Debug|x64
		{892028E5-32F6-45FC-8AB2-90FCBCAC4BF6}.MinSizeRel|x86.ActiveCfg = Debug|Win32
		{892028E5-32F6-45FC-8AB2-90FCBCAC4BF6}.MinSizeRel|x86.Build.0 = Debug|Win32
		{892028E5-32F6-45FC-8AB2-90FCBCAC4BF6}.Release|Any CPU.ActiveCfg = Release|x64
		{892028E5-32F6-45FC-8AB2-90FCBCAC4BF6}.Release|Any CPU.Build.0 = Release|x64
		{892028E5-32F6-45FC-8AB2-90FCBCAC4BF6}.Release|ARM.ActiveCfg = Release|ARM
		{892028E5-32F6-45FC-8AB2-90FCBCAC4BF6}.Release|ARM.Build.0 = Release|ARM
		{892028E5-32F6-45FC-8AB2-90FCBCAC4BF6}.Release|ARM64.ActiveCfg = Release|ARM64
		{892028E5-32F6-45FC-8AB2-90FCBCAC4BF6}.Release|ARM64.Build.0 = Release|ARM64
		{892028E5-32F6-45FC-8AB2-90FCBCAC4BF6}.Release|x64.ActiveCfg = Release|x64
		{892028E5-32F6-45FC-8AB2-90FCBCAC4BF6}.Release|x64.Build.0 = Release|x64
		{892028E5-32F6-45FC-8AB2-90FCBCAC4BF6}.Release|x86.ActiveCfg = Release|Win32
		{892028E5-32F6-45FC-8AB2-90FCBCAC4BF6}.Release|x86.Build.0 = Release|Win32
		{892028E5-32F6-45FC-8AB2-90FCBCAC4BF6}.Release-EDSS|Any CPU.ActiveCfg = Release|x64
		{892028E5-32F6-45FC-8AB2-90FCBCAC4BF6}.Release-EDSS|Any CPU.Build.0 = Release|x64
		{892028E5-32F6-45FC-8AB2-90FCBCAC4BF6}.Release-EDSS|ARM.ActiveCfg = Release|ARM
		{892028E5-32F6-45FC-8AB2-90FCBCAC4BF6}.Release-EDSS|ARM.Build.0 = Release|ARM
		{892028E5-32F6-45FC-8AB2-90FCBCAC4BF6}.Release-EDSS|ARM64.ActiveCfg = Release|ARM64
		{892028E5-32F6-45FC-8AB2-90FCBCAC4BF6}.Release-EDSS|ARM64.Build.0 = Release|ARM64
		{892028E5-32F6-45FC-8AB2-90FCBCAC4BF6}.Release-EDSS|x64.ActiveCfg = Release|x64
		{892028E5-32F6-45FC-8AB2-90FCBCAC4BF6}.Release-EDSS|x64.Build.0 = Release|x64
		{892028E5-32F6-45FC-8AB2-90FCBCAC4BF6}.Release-EDSS|x86.ActiveCfg = Release|Win32
		{892028E5-32F6-45FC-8AB2-90FCBCAC4BF6}.Release-EDSS|x86.Build.0 = Release|Win32
	EndGlobalSection
	GlobalSection(SolutionProperties) = preSolution
		HideSolutionNode = FALSE
	EndGlobalSection
	GlobalSection(NestedProjects) = preSolution
		{3C80B001-E165-4E0E-A92D-5767CF4FB1F8} = {A19A12B6-A123-4749-982F-ED086C2DA7EF}
		{808F5EA9-EA09-4D72-87B4-5397D43CBA54} = {A19A12B6-A123-4749-982F-ED086C2DA7EF}
		{7A1C7F0B-ECB3-4C98-B74E-E5BBA63BA4A7} = {A19A12B6-A123-4749-982F-ED086C2DA7EF}
		{51979337-0180-48BD-BAD9-8AEF57FEF96D} = {A19A12B6-A123-4749-982F-ED086C2DA7EF}
		{31551C65-38EA-4E21-8C0D-4BC4A097993C} = {B8C8E8B2-090E-478D-B540-97DA1915CC41}
		{4197C787-370F-4886-A357-F8A5E1357A9C} = {B8C8E8B2-090E-478D-B540-97DA1915CC41}
	EndGlobalSection
	GlobalSection(ExtensibilityGlobals) = postSolution
		SolutionGuid = {A12420E8-9D65-4622-9D47-7E12ED7FD96D}
	EndGlobalSection
	GlobalSection(SharedMSBuildProjectFiles) = preSolution
		Shaders\Shaders.vcxitems*{3c80b001-e165-4e0e-a92d-5767cf4fb1f8}*SharedItemsImports = 4
		Shaders\Shaders.vcxitems*{51979337-0180-48bd-bad9-8aef57fef96d}*SharedItemsImports = 9
	EndGlobalSection
EndGlobal
